
Microsoft Visual Studio Solution File, Format Version 12.00
# Visual Studio 15
Project("{FAE04EC0-301F-11D3-BF4B-00C04F79EFBC}") = "Assembly-CSharp", "Assembly-CSharp.csproj", "{428EE9D9-AD1D-D16D-3D7D-A20FBE28ADD5}"
EndProject
Global
	GlobalSection(SolutionConfigurationPlatforms) = preSolution
		Debug|Any CPU = Debug|Any CPU
		Release|Any CPU = Release|Any CPU
	EndGlobalSection
	GlobalSection(ProjectConfigurationPlatforms) = postSolution
		{428EE9D9-AD1D-D16D-3D7D-A20FBE28ADD5}.Debug|Any CPU.ActiveCfg = Debug|Any CPU
		{428EE9D9-AD1D-D16D-3D7D-A20FBE28ADD5}.Debug|Any CPU.Build.0 = Debug|Any CPU
		{428EE9D9-AD1D-D16D-3D7D-A20FBE28ADD5}.Release|Any CPU.ActiveCfg = Release|Any CPU
		{428EE9D9-AD1D-D16D-3D7D-A20FBE28ADD5}.Release|Any CPU.Build.0 = Release|Any CPU
	EndGlobalSection
	GlobalSection(SolutionProperties) = preSolution
		HideSolutionNode = FALSE
	EndGlobalSection
EndGlobal
